
Microsoft Visual Studio Solution File, Format Version 12.00
# Visual Studio Version 16
VisualStudioVersion = 16.0.30804.86
MinimumVisualStudioVersion = 10.0.40219.1
Project("{9A19103F-16F7-4668-BE54-9A1E7A4F7556}") = "Link.Chromely.Vue", "Link.Chromely.Vue\Link.Chromely.Vue.csproj", "{7E815BB4-E621-492D-8601-ACE1DB49FCEC}"
EndProject
Project("{9A19103F-16F7-4668-BE54-9A1E7A4F7556}") = "Link.Chromely", "Link.Chromely\Link.Chromely.csproj", "{1DE2FF28-0391-4F67-BB74-BAC2B4EB6D36}"
EndProject
Project("{9A19103F-16F7-4668-BE54-9A1E7A4F7556}") = "Link.XUnit", "Link.XUnit\Link.XUnit.csproj", "{B8666947-2959-42B9-AF98-E0140C532ADE}"
EndProject
Project("{00D1A9C2-B5F0-4AF3-8072-F6C62B433612}") = "Link.Database", "Link.Database\Link.Database.sqlproj", "{548B9697-1CD7-4E54-ADDB-2AD03254CAF4}"
EndProject
Global
	GlobalSection(SolutionConfigurationPlatforms) = preSolution
		Debug|x64 = Debug|x64
		Release|x64 = Release|x64
	EndGlobalSection
	GlobalSection(ProjectConfigurationPlatforms) = postSolution
		{B8666947-2959-42B9-AF98-E0140C532ADE}.Debug|Any CPU.ActiveCfg = Debug|Any CPU
		{B8666947-2959-42B9-AF98-E0140C532ADE}.Debug|Any CPU.Build.0 = Debug|Any CPU
		{B8666947-2959-42B9-AF98-E0140C532ADE}.Debug|x64.ActiveCfg = Debug|Any CPU
		{B8666947-2959-42B9-AF98-E0140C532ADE}.Debug|x64.Build.0 = Debug|Any CPU
		{B8666947-2959-42B9-AF98-E0140C532ADE}.Release|Any CPU.ActiveCfg = Release|Any CPU
		{B8666947-2959-42B9-AF98-E0140C532ADE}.Release|Any CPU.Build.0 = Release|Any CPU
		{B8666947-2959-42B9-AF98-E0140C532ADE}.Release|x64.ActiveCfg = Release|Any CPU
		{B8666947-2959-42B9-AF98-E0140C532ADE}.Release|x64.Build.0 = Release|Any CPU
		{1DE2FF28-0391-4F67-BB74-BAC2B4EB6D36}.Debug|Any CPU.ActiveCfg = Debug|Any CPU
		{1DE2FF28-0391-4F67-BB74-BAC2B4EB6D36}.Debug|Any CPU.Build.0 = Debug|Any CPU
		{1DE2FF28-0391-4F67-BB74-BAC2B4EB6D36}.Debug|x64.ActiveCfg = Debug|x64
		{1DE2FF28-0391-4F67-BB74-BAC2B4EB6D36}.Debug|x64.Build.0 = Debug|x64
		{1DE2FF28-0391-4F67-BB74-BAC2B4EB6D36}.Release|Any CPU.ActiveCfg = Release|Any CPU
		{1DE2FF28-0391-4F67-BB74-BAC2B4EB6D36}.Release|Any CPU.Build.0 = Release|Any CPU
		{1DE2FF28-0391-4F67-BB74-BAC2B4EB6D36}.Release|x64.ActiveCfg = Release|x64
		{1DE2FF28-0391-4F67-BB74-BAC2B4EB6D36}.Release|x64.Build.0 = Release|x64
		{7E815BB4-E621-492D-8601-ACE1DB49FCEC}.Debug|Any CPU.ActiveCfg = Debug|x64
		{7E815BB4-E621-492D-8601-ACE1DB49FCEC}.Debug|x64.ActiveCfg = Debug|x64
		{7E815BB4-E621-492D-8601-ACE1DB49FCEC}.Debug|x64.Build.0 = Debug|x64
		{7E815BB4-E621-492D-8601-ACE1DB49FCEC}.Release|Any CPU.ActiveCfg = Release|x64
		{7E815BB4-E621-492D-8601-ACE1DB49FCEC}.Release|x64.ActiveCfg = Release|x64
		{7E815BB4-E621-492D-8601-ACE1DB49FCEC}.Release|x64.Build.0 = Release|x64
		{548B9697-1CD7-4E54-ADDB-2AD03254CAF4}.Debug|Any CPU.ActiveCfg = Debug|Any CPU
		{548B9697-1CD7-4E54-ADDB-2AD03254CAF4}.Debug|Any CPU.Build.0 = Debug|Any CPU
		{548B9697-1CD7-4E54-ADDB-2AD03254CAF4}.Debug|Any CPU.Deploy.0 = Debug|Any CPU
		{548B9697-1CD7-4E54-ADDB-2AD03254CAF4}.Debug|x64.ActiveCfg = Debug|Any CPU
		{548B9697-1CD7-4E54-ADDB-2AD03254CAF4}.Debug|x64.Build.0 = Debug|Any CPU
		{548B9697-1CD7-4E54-ADDB-2AD03254CAF4}.Debug|x64.Deploy.0 = Debug|Any CPU
		{548B9697-1CD7-4E54-ADDB-2AD03254CAF4}.Release|Any CPU.ActiveCfg = Release|Any CPU
		{548B9697-1CD7-4E54-ADDB-2AD03254CAF4}.Release|Any CPU.Build.0 = Release|Any CPU
		{548B9697-1CD7-4E54-ADDB-2AD03254CAF4}.Release|Any CPU.Deploy.0 = Release|Any CPU
		{548B9697-1CD7-4E54-ADDB-2AD03254CAF4}.Release|x64.ActiveCfg = Release|Any CPU
		{548B9697-1CD7-4E54-ADDB-2AD03254CAF4}.Release|x64.Build.0 = Release|Any CPU
		{548B9697-1CD7-4E54-ADDB-2AD03254CAF4}.Release|x64.Deploy.0 = Release|Any CPU
	EndGlobalSection
	GlobalSection(SolutionProperties) = preSolution
		HideSolutionNode = FALSE
	EndGlobalSection
	GlobalSection(ExtensibilityGlobals) = postSolution
		SolutionGuid = {78EE0880-3C40-4056-8E71-4128E2F0C43C}
	EndGlobalSection
EndGlobal
